// !$*UTF8*$!
{
	archiveVersion = 1;
	classes = {
	};
	objectVersion = 56;
	objects = {

/* Begin PBXBuildFile section */
		04AD11612A9464E000FAAB72 /* Poppins-Bold.ttf in Resources */ = {isa = PBXBuildFile; fileRef = 04AD114E2A9464E000FAAB72 /* Poppins-Bold.ttf */; };
		04AD11622A9464E000FAAB72 /* OFL.txt in Resources */ = {isa = PBXBuildFile; fileRef = 04AD114F2A9464E000FAAB72 /* OFL.txt */; };
		04AD11632A9464E000FAAB72 /* Poppins-ExtraLight.ttf in Resources */ = {isa = PBXBuildFile; fileRef = 04AD11502A9464E000FAAB72 /* Poppins-ExtraLight.ttf */; };
		04AD11642A9464E000FAAB72 /* Poppins-ExtraBold.ttf in Resources */ = {isa = PBXBuildFile; fileRef = 04AD11512A9464E000FAAB72 /* Poppins-ExtraBold.ttf */; };
		04AD11652A9464E000FAAB72 /* Poppins-LightItalic.ttf in Resources */ = {isa = PBXBuildFile; fileRef = 04AD11522A9464E000FAAB72 /* Poppins-LightItalic.ttf */; };
		04AD11662A9464E000FAAB72 /* Poppins-ExtraLightItalic.ttf in Resources */ = {isa = PBXBuildFile; fileRef = 04AD11532A9464E000FAAB72 /* Poppins-ExtraLightItalic.ttf */; };
		04AD11672A9464E000FAAB72 /* Poppins-SemiBold.ttf in Resources */ = {isa = PBXBuildFile; fileRef = 04AD11542A9464E000FAAB72 /* Poppins-SemiBold.ttf */; };
		04AD11682A9464E000FAAB72 /* Poppins-Thin.ttf in Resources */ = {isa = PBXBuildFile; fileRef = 04AD11552A9464E000FAAB72 /* Poppins-Thin.ttf */; };
		04AD11692A9464E000FAAB72 /* Poppins-SemiBoldItalic.ttf in Resources */ = {isa = PBXBuildFile; fileRef = 04AD11562A9464E000FAAB72 /* Poppins-SemiBoldItalic.ttf */; };
		04AD116A2A9464E000FAAB72 /* Poppins-Light.ttf in Resources */ = {isa = PBXBuildFile; fileRef = 04AD11572A9464E000FAAB72 /* Poppins-Light.ttf */; };
		04AD116B2A9464E000FAAB72 /* Poppins-Italic.ttf in Resources */ = {isa = PBXBuildFile; fileRef = 04AD11582A9464E000FAAB72 /* Poppins-Italic.ttf */; };
		04AD116C2A9464E000FAAB72 /* Poppins-Black.ttf in Resources */ = {isa = PBXBuildFile; fileRef = 04AD11592A9464E000FAAB72 /* Poppins-Black.ttf */; };
		04AD116D2A9464E000FAAB72 /* Poppins-BoldItalic.ttf in Resources */ = {isa = PBXBuildFile; fileRef = 04AD115A2A9464E000FAAB72 /* Poppins-BoldItalic.ttf */; };
		04AD116E2A9464E000FAAB72 /* Poppins-ExtraBoldItalic.ttf in Resources */ = {isa = PBXBuildFile; fileRef = 04AD115B2A9464E000FAAB72 /* Poppins-ExtraBoldItalic.ttf */; };
		04AD116F2A9464E000FAAB72 /* Poppins-Medium.ttf in Resources */ = {isa = PBXBuildFile; fileRef = 04AD115C2A9464E000FAAB72 /* Poppins-Medium.ttf */; };
		04AD11702A9464E000FAAB72 /* Poppins-MediumItalic.ttf in Resources */ = {isa = PBXBuildFile; fileRef = 04AD115D2A9464E000FAAB72 /* Poppins-MediumItalic.ttf */; };
		04AD11712A9464E000FAAB72 /* Poppins-Regular.ttf in Resources */ = {isa = PBXBuildFile; fileRef = 04AD115E2A9464E000FAAB72 /* Poppins-Regular.ttf */; };
		04AD11722A9464E000FAAB72 /* Poppins-ThinItalic.ttf in Resources */ = {isa = PBXBuildFile; fileRef = 04AD115F2A9464E000FAAB72 /* Poppins-ThinItalic.ttf */; };
		04AD11732A9464E000FAAB72 /* Poppins-BlackItalic.ttf in Resources */ = {isa = PBXBuildFile; fileRef = 04AD11602A9464E000FAAB72 /* Poppins-BlackItalic.ttf */; };
		04AD11762A946A5A00FAAB72 /* RegisterViewController.swift in Sources */ = {isa = PBXBuildFile; fileRef = 04AD11752A946A5A00FAAB72 /* RegisterViewController.swift */; };
		04AD11792A946AC300FAAB72 /* LoginResponse.swift in Sources */ = {isa = PBXBuildFile; fileRef = 04AD11782A946AC300FAAB72 /* LoginResponse.swift */; };
		04AD119C2A94E17100FAAB72 /* ForgotPasswordInputEmailViewController.swift in Sources */ = {isa = PBXBuildFile; fileRef = 04AD119B2A94E17100FAAB72 /* ForgotPasswordInputEmailViewController.swift */; };
		04AD119E2A94E1A100FAAB72 /* ForgotPasswordChangePasswordViewController.swift in Sources */ = {isa = PBXBuildFile; fileRef = 04AD119D2A94E1A100FAAB72 /* ForgotPasswordChangePasswordViewController.swift */; };
		04AD11A02A94E1DA00FAAB72 /* ForgotPasswordChooseMethotViewController.swift in Sources */ = {isa = PBXBuildFile; fileRef = 04AD119F2A94E1DA00FAAB72 /* ForgotPasswordChooseMethotViewController.swift */; };
		04AD11A22A94E2D900FAAB72 /* ForgotPasswordVerifyViewController.swift in Sources */ = {isa = PBXBuildFile; fileRef = 04AD11A12A94E2D900FAAB72 /* ForgotPasswordVerifyViewController.swift */; };
		04AD11A42A971F9C00FAAB72 /* ForgotPasswordResponse.swift in Sources */ = {isa = PBXBuildFile; fileRef = 04AD11A32A971F9C00FAAB72 /* ForgotPasswordResponse.swift */; };
		04F3E3902A93CCFD003DC140 /* AppDelegate.swift in Sources */ = {isa = PBXBuildFile; fileRef = 04F3E38F2A93CCFD003DC140 /* AppDelegate.swift */; };
		04F3E3922A93CCFD003DC140 /* SceneDelegate.swift in Sources */ = {isa = PBXBuildFile; fileRef = 04F3E3912A93CCFD003DC140 /* SceneDelegate.swift */; };
		04F3E3972A93CCFD003DC140 /* Main.storyboard in Resources */ = {isa = PBXBuildFile; fileRef = 04F3E3952A93CCFD003DC140 /* Main.storyboard */; };
		04F3E3992A93CCFE003DC140 /* Assets.xcassets in Resources */ = {isa = PBXBuildFile; fileRef = 04F3E3982A93CCFE003DC140 /* Assets.xcassets */; };
		04F3E39C2A93CCFE003DC140 /* LaunchScreen.storyboard in Resources */ = {isa = PBXBuildFile; fileRef = 04F3E39A2A93CCFE003DC140 /* LaunchScreen.storyboard */; };
		04F3E3A62A93CFC3003DC140 /* LoginViewController.swift in Sources */ = {isa = PBXBuildFile; fileRef = 04F3E3A52A93CFC3003DC140 /* LoginViewController.swift */; };
		D9954500872DA996B79CAD4F /* Pods_App_Demo_Techmaster.framework in Frameworks */ = {isa = PBXBuildFile; fileRef = 02C5ED4DDA22A68392239203 /* Pods_App_Demo_Techmaster.framework */; };
/* End PBXBuildFile section */

/* Begin PBXFileReference section */
		02C5ED4DDA22A68392239203 /* Pods_App_Demo_Techmaster.framework */ = {isa = PBXFileReference; explicitFileType = wrapper.framework; includeInIndex = 0; path = Pods_App_Demo_Techmaster.framework; sourceTree = BUILT_PRODUCTS_DIR; };
		04AD114E2A9464E000FAAB72 /* Poppins-Bold.ttf */ = {isa = PBXFileReference; lastKnownFileType = file; path = "Poppins-Bold.ttf"; sourceTree = "<group>"; };
		04AD114F2A9464E000FAAB72 /* OFL.txt */ = {isa = PBXFileReference; fileEncoding = 4; lastKnownFileType = text; path = OFL.txt; sourceTree = "<group>"; };
		04AD11502A9464E000FAAB72 /* Poppins-ExtraLight.ttf */ = {isa = PBXFileReference; lastKnownFileType = file; path = "Poppins-ExtraLight.ttf"; sourceTree = "<group>"; };
		04AD11512A9464E000FAAB72 /* Poppins-ExtraBold.ttf */ = {isa = PBXFileReference; lastKnownFileType = file; path = "Poppins-ExtraBold.ttf"; sourceTree = "<group>"; };
		04AD11522A9464E000FAAB72 /* Poppins-LightItalic.ttf */ = {isa = PBXFileReference; lastKnownFileType = file; path = "Poppins-LightItalic.ttf"; sourceTree = "<group>"; };
		04AD11532A9464E000FAAB72 /* Poppins-ExtraLightItalic.ttf */ = {isa = PBXFileReference; lastKnownFileType = file; path = "Poppins-ExtraLightItalic.ttf"; sourceTree = "<group>"; };
		04AD11542A9464E000FAAB72 /* Poppins-SemiBold.ttf */ = {isa = PBXFileReference; lastKnownFileType = file; path = "Poppins-SemiBold.ttf"; sourceTree = "<group>"; };
		04AD11552A9464E000FAAB72 /* Poppins-Thin.ttf */ = {isa = PBXFileReference; lastKnownFileType = file; path = "Poppins-Thin.ttf"; sourceTree = "<group>"; };
		04AD11562A9464E000FAAB72 /* Poppins-SemiBoldItalic.ttf */ = {isa = PBXFileReference; lastKnownFileType = file; path = "Poppins-SemiBoldItalic.ttf"; sourceTree = "<group>"; };
		04AD11572A9464E000FAAB72 /* Poppins-Light.ttf */ = {isa = PBXFileReference; lastKnownFileType = file; path = "Poppins-Light.ttf"; sourceTree = "<group>"; };
		04AD11582A9464E000FAAB72 /* Poppins-Italic.ttf */ = {isa = PBXFileReference; lastKnownFileType = file; path = "Poppins-Italic.ttf"; sourceTree = "<group>"; };
		04AD11592A9464E000FAAB72 /* Poppins-Black.ttf */ = {isa = PBXFileReference; lastKnownFileType = file; path = "Poppins-Black.ttf"; sourceTree = "<group>"; };
		04AD115A2A9464E000FAAB72 /* Poppins-BoldItalic.ttf */ = {isa = PBXFileReference; lastKnownFileType = file; path = "Poppins-BoldItalic.ttf"; sourceTree = "<group>"; };
		04AD115B2A9464E000FAAB72 /* Poppins-ExtraBoldItalic.ttf */ = {isa = PBXFileReference; lastKnownFileType = file; path = "Poppins-ExtraBoldItalic.ttf"; sourceTree = "<group>"; };
		04AD115C2A9464E000FAAB72 /* Poppins-Medium.ttf */ = {isa = PBXFileReference; lastKnownFileType = file; path = "Poppins-Medium.ttf"; sourceTree = "<group>"; };
		04AD115D2A9464E000FAAB72 /* Poppins-MediumItalic.ttf */ = {isa = PBXFileReference; lastKnownFileType = file; path = "Poppins-MediumItalic.ttf"; sourceTree = "<group>"; };
		04AD115E2A9464E000FAAB72 /* Poppins-Regular.ttf */ = {isa = PBXFileReference; lastKnownFileType = file; path = "Poppins-Regular.ttf"; sourceTree = "<group>"; };
		04AD115F2A9464E000FAAB72 /* Poppins-ThinItalic.ttf */ = {isa = PBXFileReference; lastKnownFileType = file; path = "Poppins-ThinItalic.ttf"; sourceTree = "<group>"; };
		04AD11602A9464E000FAAB72 /* Poppins-BlackItalic.ttf */ = {isa = PBXFileReference; lastKnownFileType = file; path = "Poppins-BlackItalic.ttf"; sourceTree = "<group>"; };
		04AD11752A946A5A00FAAB72 /* RegisterViewController.swift */ = {isa = PBXFileReference; lastKnownFileType = sourcecode.swift; path = RegisterViewController.swift; sourceTree = "<group>"; };
		04AD11782A946AC300FAAB72 /* LoginResponse.swift */ = {isa = PBXFileReference; lastKnownFileType = sourcecode.swift; path = LoginResponse.swift; sourceTree = "<group>"; };
		04AD119B2A94E17100FAAB72 /* ForgotPasswordInputEmailViewController.swift */ = {isa = PBXFileReference; lastKnownFileType = sourcecode.swift; path = ForgotPasswordInputEmailViewController.swift; sourceTree = "<group>"; };
		04AD119D2A94E1A100FAAB72 /* ForgotPasswordChangePasswordViewController.swift */ = {isa = PBXFileReference; lastKnownFileType = sourcecode.swift; path = ForgotPasswordChangePasswordViewController.swift; sourceTree = "<group>"; };
		04AD119F2A94E1DA00FAAB72 /* ForgotPasswordChooseMethotViewController.swift */ = {isa = PBXFileReference; lastKnownFileType = sourcecode.swift; path = ForgotPasswordChooseMethotViewController.swift; sourceTree = "<group>"; };
		04AD11A12A94E2D900FAAB72 /* ForgotPasswordVerifyViewController.swift */ = {isa = PBXFileReference; lastKnownFileType = sourcecode.swift; path = ForgotPasswordVerifyViewController.swift; sourceTree = "<group>"; };
		04AD11A32A971F9C00FAAB72 /* ForgotPasswordResponse.swift */ = {isa = PBXFileReference; lastKnownFileType = sourcecode.swift; path = ForgotPasswordResponse.swift; sourceTree = "<group>"; };
		04F3E38C2A93CCFD003DC140 /* App.Demo.Techmaster.app */ = {isa = PBXFileReference; explicitFileType = wrapper.application; includeInIndex = 0; path = App.Demo.Techmaster.app; sourceTree = BUILT_PRODUCTS_DIR; };
		04F3E38F2A93CCFD003DC140 /* AppDelegate.swift */ = {isa = PBXFileReference; lastKnownFileType = sourcecode.swift; path = AppDelegate.swift; sourceTree = "<group>"; };
		04F3E3912A93CCFD003DC140 /* SceneDelegate.swift */ = {isa = PBXFileReference; lastKnownFileType = sourcecode.swift; path = SceneDelegate.swift; sourceTree = "<group>"; };
		04F3E3962A93CCFD003DC140 /* Base */ = {isa = PBXFileReference; lastKnownFileType = file.storyboard; name = Base; path = Base.lproj/Main.storyboard; sourceTree = "<group>"; };
		04F3E3982A93CCFE003DC140 /* Assets.xcassets */ = {isa = PBXFileReference; lastKnownFileType = folder.assetcatalog; path = Assets.xcassets; sourceTree = "<group>"; };
		04F3E39B2A93CCFE003DC140 /* Base */ = {isa = PBXFileReference; lastKnownFileType = file.storyboard; name = Base; path = Base.lproj/LaunchScreen.storyboard; sourceTree = "<group>"; };
		04F3E39D2A93CCFE003DC140 /* Info.plist */ = {isa = PBXFileReference; lastKnownFileType = text.plist.xml; path = Info.plist; sourceTree = "<group>"; };
		04F3E3A52A93CFC3003DC140 /* LoginViewController.swift */ = {isa = PBXFileReference; lastKnownFileType = sourcecode.swift; path = LoginViewController.swift; sourceTree = "<group>"; };
		7C15C1806ED8FAEC1C7D2044 /* Pods-App.Demo.Techmaster.release.xcconfig */ = {isa = PBXFileReference; includeInIndex = 1; lastKnownFileType = text.xcconfig; name = "Pods-App.Demo.Techmaster.release.xcconfig"; path = "Target Support Files/Pods-App.Demo.Techmaster/Pods-App.Demo.Techmaster.release.xcconfig"; sourceTree = "<group>"; };
		E186E64F549F6071A5AED639 /* Pods-App.Demo.Techmaster.debug.xcconfig */ = {isa = PBXFileReference; includeInIndex = 1; lastKnownFileType = text.xcconfig; name = "Pods-App.Demo.Techmaster.debug.xcconfig"; path = "Target Support Files/Pods-App.Demo.Techmaster/Pods-App.Demo.Techmaster.debug.xcconfig"; sourceTree = "<group>"; };
/* End PBXFileReference section */

/* Begin PBXFrameworksBuildPhase section */
		04F3E3892A93CCFD003DC140 /* Frameworks */ = {
			isa = PBXFrameworksBuildPhase;
			buildActionMask = 2147483647;
			files = (
				D9954500872DA996B79CAD4F /* Pods_App_Demo_Techmaster.framework in Frameworks */,
			);
			runOnlyForDeploymentPostprocessing = 0;
		};
/* End PBXFrameworksBuildPhase section */

/* Begin PBXGroup section */
		04AD114D2A9464B200FAAB72 /* Fonts */ = {
			isa = PBXGroup;
			children = (
				04AD114F2A9464E000FAAB72 /* OFL.txt */,
				04AD11592A9464E000FAAB72 /* Poppins-Black.ttf */,
				04AD11602A9464E000FAAB72 /* Poppins-BlackItalic.ttf */,
				04AD114E2A9464E000FAAB72 /* Poppins-Bold.ttf */,
				04AD115A2A9464E000FAAB72 /* Poppins-BoldItalic.ttf */,
				04AD11512A9464E000FAAB72 /* Poppins-ExtraBold.ttf */,
				04AD115B2A9464E000FAAB72 /* Poppins-ExtraBoldItalic.ttf */,
				04AD11502A9464E000FAAB72 /* Poppins-ExtraLight.ttf */,
				04AD11532A9464E000FAAB72 /* Poppins-ExtraLightItalic.ttf */,
				04AD11582A9464E000FAAB72 /* Poppins-Italic.ttf */,
				04AD11572A9464E000FAAB72 /* Poppins-Light.ttf */,
				04AD11522A9464E000FAAB72 /* Poppins-LightItalic.ttf */,
				04AD115C2A9464E000FAAB72 /* Poppins-Medium.ttf */,
				04AD115D2A9464E000FAAB72 /* Poppins-MediumItalic.ttf */,
				04AD115E2A9464E000FAAB72 /* Poppins-Regular.ttf */,
				04AD11542A9464E000FAAB72 /* Poppins-SemiBold.ttf */,
				04AD11562A9464E000FAAB72 /* Poppins-SemiBoldItalic.ttf */,
				04AD11552A9464E000FAAB72 /* Poppins-Thin.ttf */,
				04AD115F2A9464E000FAAB72 /* Poppins-ThinItalic.ttf */,
			);
			path = Fonts;
			sourceTree = "<group>";
		};
		04AD11742A946A3E00FAAB72 /* Register */ = {
			isa = PBXGroup;
			children = (
				04AD11752A946A5A00FAAB72 /* RegisterViewController.swift */,
			);
			path = Register;
			sourceTree = "<group>";
		};
		04AD11772A946AAF00FAAB72 /* Response */ = {
			isa = PBXGroup;
			children = (
				04AD11782A946AC300FAAB72 /* LoginResponse.swift */,
				04AD11A32A971F9C00FAAB72 /* ForgotPasswordResponse.swift */,
			);
			path = Response;
			sourceTree = "<group>";
		};
		04AD119A2A94DE4D00FAAB72 /* ForgotPassword */ = {
			isa = PBXGroup;
			children = (
				04AD119F2A94E1DA00FAAB72 /* ForgotPasswordChooseMethotViewController.swift */,
				04AD119B2A94E17100FAAB72 /* ForgotPasswordInputEmailViewController.swift */,
				04AD11A12A94E2D900FAAB72 /* ForgotPasswordVerifyViewController.swift */,
				04AD119D2A94E1A100FAAB72 /* ForgotPasswordChangePasswordViewController.swift */,
			);
			path = ForgotPassword;
			sourceTree = "<group>";
		};
		04F3E3832A93CCFD003DC140 = {
			isa = PBXGroup;
			children = (
				04F3E38E2A93CCFD003DC140 /* App.Demo.Techmaster */,
				04F3E38D2A93CCFD003DC140 /* Products */,
				E9ACF73F4452E6710558B70D /* Pods */,
				49BE6B5FD54DDAC180474692 /* Frameworks */,
			);
			sourceTree = "<group>";
		};
		04F3E38D2A93CCFD003DC140 /* Products */ = {
			isa = PBXGroup;
			children = (
				04F3E38C2A93CCFD003DC140 /* App.Demo.Techmaster.app */,
			);
			name = Products;
			sourceTree = "<group>";
		};
		04F3E38E2A93CCFD003DC140 /* App.Demo.Techmaster */ = {
			isa = PBXGroup;
			children = (
				04AD114D2A9464B200FAAB72 /* Fonts */,
				04F3E3A32A93CF97003DC140 /* Screen */,
				04AD11772A946AAF00FAAB72 /* Response */,
				04F3E38F2A93CCFD003DC140 /* AppDelegate.swift */,
				04F3E3912A93CCFD003DC140 /* SceneDelegate.swift */,
				04F3E3952A93CCFD003DC140 /* Main.storyboard */,
				04F3E3982A93CCFE003DC140 /* Assets.xcassets */,
				04F3E39A2A93CCFE003DC140 /* LaunchScreen.storyboard */,
				04F3E39D2A93CCFE003DC140 /* Info.plist */,
			);
			path = App.Demo.Techmaster;
			sourceTree = "<group>";
		};
		04F3E3A32A93CF97003DC140 /* Screen */ = {
			isa = PBXGroup;
			children = (
				04AD119A2A94DE4D00FAAB72 /* ForgotPassword */,
				04AD11742A946A3E00FAAB72 /* Register */,
				04F3E3A42A93CFAD003DC140 /* Login */,
			);
			path = Screen;
			sourceTree = "<group>";
		};
		04F3E3A42A93CFAD003DC140 /* Login */ = {
			isa = PBXGroup;
			children = (
				04F3E3A52A93CFC3003DC140 /* LoginViewController.swift */,
			);
			path = Login;
			sourceTree = "<group>";
		};
		49BE6B5FD54DDAC180474692 /* Frameworks */ = {
			isa = PBXGroup;
			children = (
				02C5ED4DDA22A68392239203 /* Pods_App_Demo_Techmaster.framework */,
			);
			name = Frameworks;
			sourceTree = "<group>";
		};
		E9ACF73F4452E6710558B70D /* Pods */ = {
			isa = PBXGroup;
			children = (
				E186E64F549F6071A5AED639 /* Pods-App.Demo.Techmaster.debug.xcconfig */,
				7C15C1806ED8FAEC1C7D2044 /* Pods-App.Demo.Techmaster.release.xcconfig */,
			);
			path = Pods;
			sourceTree = "<group>";
		};
/* End PBXGroup section */

/* Begin PBXNativeTarget section */
		04F3E38B2A93CCFD003DC140 /* App.Demo.Techmaster */ = {
			isa = PBXNativeTarget;
			buildConfigurationList = 04F3E3A02A93CCFE003DC140 /* Build configuration list for PBXNativeTarget "App.Demo.Techmaster" */;
			buildPhases = (
				0AB78A53879ABB32D785F454 /* [CP] Check Pods Manifest.lock */,
				04F3E3882A93CCFD003DC140 /* Sources */,
				04F3E3892A93CCFD003DC140 /* Frameworks */,
				04F3E38A2A93CCFD003DC140 /* Resources */,
				BBA18DCA0BE4782FDE016284 /* [CP] Embed Pods Frameworks */,
			);
			buildRules = (
			);
			dependencies = (
			);
			name = App.Demo.Techmaster;
			productName = App.Demo.Techmaster;
			productReference = 04F3E38C2A93CCFD003DC140 /* App.Demo.Techmaster.app */;
			productType = "com.apple.product-type.application";
		};
/* End PBXNativeTarget section */

/* Begin PBXProject section */
		04F3E3842A93CCFD003DC140 /* Project object */ = {
			isa = PBXProject;
			attributes = {
				BuildIndependentTargetsInParallel = 1;
				LastSwiftUpdateCheck = 1430;
				LastUpgradeCheck = 1430;
				TargetAttributes = {
					04F3E38B2A93CCFD003DC140 = {
						CreatedOnToolsVersion = 14.3.1;
					};
				};
			};
			buildConfigurationList = 04F3E3872A93CCFD003DC140 /* Build configuration list for PBXProject "App.Demo.Techmaster" */;
			compatibilityVersion = "Xcode 14.0";
			developmentRegion = en;
			hasScannedForEncodings = 0;
			knownRegions = (
				en,
				Base,
			);
			mainGroup = 04F3E3832A93CCFD003DC140;
			productRefGroup = 04F3E38D2A93CCFD003DC140 /* Products */;
			projectDirPath = "";
			projectRoot = "";
			targets = (
				04F3E38B2A93CCFD003DC140 /* App.Demo.Techmaster */,
			);
		};
/* End PBXProject section */

/* Begin PBXResourcesBuildPhase section */
		04F3E38A2A93CCFD003DC140 /* Resources */ = {
			isa = PBXResourcesBuildPhase;
			buildActionMask = 2147483647;
			files = (
				04AD11632A9464E000FAAB72 /* Poppins-ExtraLight.ttf in Resources */,
				04AD116A2A9464E000FAAB72 /* Poppins-Light.ttf in Resources */,
				04AD116B2A9464E000FAAB72 /* Poppins-Italic.ttf in Resources */,
				04AD11622A9464E000FAAB72 /* OFL.txt in Resources */,
				04AD11702A9464E000FAAB72 /* Poppins-MediumItalic.ttf in Resources */,
				04F3E39C2A93CCFE003DC140 /* LaunchScreen.storyboard in Resources */,
				04AD11662A9464E000FAAB72 /* Poppins-ExtraLightItalic.ttf in Resources */,
				04AD11642A9464E000FAAB72 /* Poppins-ExtraBold.ttf in Resources */,
				04AD11692A9464E000FAAB72 /* Poppins-SemiBoldItalic.ttf in Resources */,
				04AD11672A9464E000FAAB72 /* Poppins-SemiBold.ttf in Resources */,
				04AD11732A9464E000FAAB72 /* Poppins-BlackItalic.ttf in Resources */,
				04AD116C2A9464E000FAAB72 /* Poppins-Black.ttf in Resources */,
				04F3E3992A93CCFE003DC140 /* Assets.xcassets in Resources */,
				04AD11722A9464E000FAAB72 /* Poppins-ThinItalic.ttf in Resources */,
				04F3E3972A93CCFD003DC140 /* Main.storyboard in Resources */,
				04AD11612A9464E000FAAB72 /* Poppins-Bold.ttf in Resources */,
				04AD11682A9464E000FAAB72 /* Poppins-Thin.ttf in Resources */,
				04AD11652A9464E000FAAB72 /* Poppins-LightItalic.ttf in Resources */,
				04AD116F2A9464E000FAAB72 /* Poppins-Medium.ttf in Resources */,
				04AD116D2A9464E000FAAB72 /* Poppins-BoldItalic.ttf in Resources */,
				04AD116E2A9464E000FAAB72 /* Poppins-ExtraBoldItalic.ttf in Resources */,
				04AD11712A9464E000FAAB72 /* Poppins-Regular.ttf in Resources */,
			);
			runOnlyForDeploymentPostprocessing = 0;
		};
/* End PBXResourcesBuildPhase section */

/* Begin PBXShellScriptBuildPhase section */
		0AB78A53879ABB32D785F454 /* [CP] Check Pods Manifest.lock */ = {
			isa = PBXShellScriptBuildPhase;
			buildActionMask = 2147483647;
			files = (
			);
			inputFileListPaths = (
			);
			inputPaths = (
				"${PODS_PODFILE_DIR_PATH}/Podfile.lock",
				"${PODS_ROOT}/Manifest.lock",
			);
			name = "[CP] Check Pods Manifest.lock";
			outputFileListPaths = (
			);
			outputPaths = (
				"$(DERIVED_FILE_DIR)/Pods-App.Demo.Techmaster-checkManifestLockResult.txt",
			);
			runOnlyForDeploymentPostprocessing = 0;
			shellPath = /bin/sh;
			shellScript = "diff \"${PODS_PODFILE_DIR_PATH}/Podfile.lock\" \"${PODS_ROOT}/Manifest.lock\" > /dev/null\nif [ $? != 0 ] ; then\n    # print error to STDERR\n    echo \"error: The sandbox is not in sync with the Podfile.lock. Run 'pod install' or update your CocoaPods installation.\" >&2\n    exit 1\nfi\n# This output is used by Xcode 'outputs' to avoid re-running this script phase.\necho \"SUCCESS\" > \"${SCRIPT_OUTPUT_FILE_0}\"\n";
			showEnvVarsInLog = 0;
		};
		BBA18DCA0BE4782FDE016284 /* [CP] Embed Pods Frameworks */ = {
			isa = PBXShellScriptBuildPhase;
			buildActionMask = 2147483647;
			files = (
			);
			inputFileListPaths = (
				"${PODS_ROOT}/Target Support Files/Pods-App.Demo.Techmaster/Pods-App.Demo.Techmaster-frameworks-${CONFIGURATION}-input-files.xcfilelist",
			);
			name = "[CP] Embed Pods Frameworks";
			outputFileListPaths = (
				"${PODS_ROOT}/Target Support Files/Pods-App.Demo.Techmaster/Pods-App.Demo.Techmaster-frameworks-${CONFIGURATION}-output-files.xcfilelist",
			);
			runOnlyForDeploymentPostprocessing = 0;
			shellPath = /bin/sh;
			shellScript = "\"${PODS_ROOT}/Target Support Files/Pods-App.Demo.Techmaster/Pods-App.Demo.Techmaster-frameworks.sh\"\n";
			showEnvVarsInLog = 0;
		};
/* End PBXShellScriptBuildPhase section */

/* Begin PBXSourcesBuildPhase section */
		04F3E3882A93CCFD003DC140 /* Sources */ = {
			isa = PBXSourcesBuildPhase;
			buildActionMask = 2147483647;
			files = (
				04AD11A22A94E2D900FAAB72 /* ForgotPasswordVerifyViewController.swift in Sources */,
				04AD119C2A94E17100FAAB72 /* ForgotPasswordInputEmailViewController.swift in Sources */,
				04F3E3A62A93CFC3003DC140 /* LoginViewController.swift in Sources */,
				04AD119E2A94E1A100FAAB72 /* ForgotPasswordChangePasswordViewController.swift in Sources */,
				04AD11A42A971F9C00FAAB72 /* ForgotPasswordResponse.swift in Sources */,
				04F3E3902A93CCFD003DC140 /* AppDelegate.swift in Sources */,
				04F3E3922A93CCFD003DC140 /* SceneDelegate.swift in Sources */,
				04AD11762A946A5A00FAAB72 /* RegisterViewController.swift in Sources */,
				04AD11A02A94E1DA00FAAB72 /* ForgotPasswordChooseMethotViewController.swift in Sources */,
				04AD11792A946AC300FAAB72 /* LoginResponse.swift in Sources */,
			);
			runOnlyForDeploymentPostprocessing = 0;
		};
/* End PBXSourcesBuildPhase section */

/* Begin PBXVariantGroup section */
		04F3E3952A93CCFD003DC140 /* Main.storyboard */ = {
			isa = PBXVariantGroup;
			children = (
				04F3E3962A93CCFD003DC140 /* Base */,
			);
			name = Main.storyboard;
			sourceTree = "<group>";
		};
		04F3E39A2A93CCFE003DC140 /* LaunchScreen.storyboard */ = {
			isa = PBXVariantGroup;
			children = (
				04F3E39B2A93CCFE003DC140 /* Base */,
			);
			name = LaunchScreen.storyboard;
			sourceTree = "<group>";
		};
/* End PBXVariantGroup section */

/* Begin XCBuildConfiguration section */
		04F3E39E2A93CCFE003DC140 /* Debug */ = {
			isa = XCBuildConfiguration;
			buildSettings = {
				ALWAYS_SEARCH_USER_PATHS = NO;
				CLANG_ANALYZER_NONNULL = YES;
				CLANG_ANALYZER_NUMBER_OBJECT_CONVERSION = YES_AGGRESSIVE;
				CLANG_CXX_LANGUAGE_STANDARD = "gnu++20";
				CLANG_ENABLE_MODULES = YES;
				CLANG_ENABLE_OBJC_ARC = YES;
				CLANG_ENABLE_OBJC_WEAK = YES;
				CLANG_WARN_BLOCK_CAPTURE_AUTORELEASING = YES;
				CLANG_WARN_BOOL_CONVERSION = YES;
				CLANG_WARN_COMMA = YES;
				CLANG_WARN_CONSTANT_CONVERSION = YES;
				CLANG_WARN_DEPRECATED_OBJC_IMPLEMENTATIONS = YES;
				CLANG_WARN_DIRECT_OBJC_ISA_USAGE = YES_ERROR;
				CLANG_WARN_DOCUMENTATION_COMMENTS = YES;
				CLANG_WARN_EMPTY_BODY = YES;
				CLANG_WARN_ENUM_CONVERSION = YES;
				CLANG_WARN_INFINITE_RECURSION = YES;
				CLANG_WARN_INT_CONVERSION = YES;
				CLANG_WARN_NON_LITERAL_NULL_CONVERSION = YES;
				CLANG_WARN_OBJC_IMPLICIT_RETAIN_SELF = YES;
				CLANG_WARN_OBJC_LITERAL_CONVERSION = YES;
				CLANG_WARN_OBJC_ROOT_CLASS = YES_ERROR;
				CLANG_WARN_QUOTED_INCLUDE_IN_FRAMEWORK_HEADER = YES;
				CLANG_WARN_RANGE_LOOP_ANALYSIS = YES;
				CLANG_WARN_STRICT_PROTOTYPES = YES;
				CLANG_WARN_SUSPICIOUS_MOVE = YES;
				CLANG_WARN_UNGUARDED_AVAILABILITY = YES_AGGRESSIVE;
				CLANG_WARN_UNREACHABLE_CODE = YES;
				CLANG_WARN__DUPLICATE_METHOD_MATCH = YES;
				COPY_PHASE_STRIP = NO;
				DEBUG_INFORMATION_FORMAT = dwarf;
				ENABLE_STRICT_OBJC_MSGSEND = YES;
				ENABLE_TESTABILITY = YES;
				GCC_C_LANGUAGE_STANDARD = gnu11;
				GCC_DYNAMIC_NO_PIC = NO;
				GCC_NO_COMMON_BLOCKS = YES;
				GCC_OPTIMIZATION_LEVEL = 0;
				GCC_PREPROCESSOR_DEFINITIONS = (
					"DEBUG=1",
					"$(inherited)",
				);
				GCC_WARN_64_TO_32_BIT_CONVERSION = YES;
				GCC_WARN_ABOUT_RETURN_TYPE = YES_ERROR;
				GCC_WARN_UNDECLARED_SELECTOR = YES;
				GCC_WARN_UNINITIALIZED_AUTOS = YES_AGGRESSIVE;
				GCC_WARN_UNUSED_FUNCTION = YES;
				GCC_WARN_UNUSED_VARIABLE = YES;
				IPHONEOS_DEPLOYMENT_TARGET = 14.0;
				MTL_ENABLE_DEBUG_INFO = INCLUDE_SOURCE;
				MTL_FAST_MATH = YES;
				ONLY_ACTIVE_ARCH = YES;
				SDKROOT = iphoneos;
				SWIFT_ACTIVE_COMPILATION_CONDITIONS = DEBUG;
				SWIFT_OPTIMIZATION_LEVEL = "-Onone";
			};
			name = Debug;
		};
		04F3E39F2A93CCFE003DC140 /* Release */ = {
			isa = XCBuildConfiguration;
			buildSettings = {
				ALWAYS_SEARCH_USER_PATHS = NO;
				CLANG_ANALYZER_NONNULL = YES;
				CLANG_ANALYZER_NUMBER_OBJECT_CONVERSION = YES_AGGRESSIVE;
				CLANG_CXX_LANGUAGE_STANDARD = "gnu++20";
				CLANG_ENABLE_MODULES = YES;
				CLANG_ENABLE_OBJC_ARC = YES;
				CLANG_ENABLE_OBJC_WEAK = YES;
				CLANG_WARN_BLOCK_CAPTURE_AUTORELEASING = YES;
				CLANG_WARN_BOOL_CONVERSION = YES;
				CLANG_WARN_COMMA = YES;
				CLANG_WARN_CONSTANT_CONVERSION = YES;
				CLANG_WARN_DEPRECATED_OBJC_IMPLEMENTATIONS = YES;
				CLANG_WARN_DIRECT_OBJC_ISA_USAGE = YES_ERROR;
				CLANG_WARN_DOCUMENTATION_COMMENTS = YES;
				CLANG_WARN_EMPTY_BODY = YES;
				CLANG_WARN_ENUM_CONVERSION = YES;
				CLANG_WARN_INFINITE_RECURSION = YES;
				CLANG_WARN_INT_CONVERSION = YES;
				CLANG_WARN_NON_LITERAL_NULL_CONVERSION = YES;
				CLANG_WARN_OBJC_IMPLICIT_RETAIN_SELF = YES;
				CLANG_WARN_OBJC_LITERAL_CONVERSION = YES;
				CLANG_WARN_OBJC_ROOT_CLASS = YES_ERROR;
				CLANG_WARN_QUOTED_INCLUDE_IN_FRAMEWORK_HEADER = YES;
				CLANG_WARN_RANGE_LOOP_ANALYSIS = YES;
				CLANG_WARN_STRICT_PROTOTYPES = YES;
				CLANG_WARN_SUSPICIOUS_MOVE = YES;
				CLANG_WARN_UNGUARDED_AVAILABILITY = YES_AGGRESSIVE;
				CLANG_WARN_UNREACHABLE_CODE = YES;
				CLANG_WARN__DUPLICATE_METHOD_MATCH = YES;
				COPY_PHASE_STRIP = NO;
				DEBUG_INFORMATION_FORMAT = "dwarf-with-dsym";
				ENABLE_NS_ASSERTIONS = NO;
				ENABLE_STRICT_OBJC_MSGSEND = YES;
				GCC_C_LANGUAGE_STANDARD = gnu11;
				GCC_NO_COMMON_BLOCKS = YES;
				GCC_WARN_64_TO_32_BIT_CONVERSION = YES;
				GCC_WARN_ABOUT_RETURN_TYPE = YES_ERROR;
				GCC_WARN_UNDECLARED_SELECTOR = YES;
				GCC_WARN_UNINITIALIZED_AUTOS = YES_AGGRESSIVE;
				GCC_WARN_UNUSED_FUNCTION = YES;
				GCC_WARN_UNUSED_VARIABLE = YES;
				IPHONEOS_DEPLOYMENT_TARGET = 14.0;
				MTL_ENABLE_DEBUG_INFO = NO;
				MTL_FAST_MATH = YES;
				SDKROOT = iphoneos;
				SWIFT_COMPILATION_MODE = wholemodule;
				SWIFT_OPTIMIZATION_LEVEL = "-O";
				VALIDATE_PRODUCT = YES;
			};
			name = Release;
		};
		04F3E3A12A93CCFE003DC140 /* Debug */ = {
			isa = XCBuildConfiguration;
			baseConfigurationReference = E186E64F549F6071A5AED639 /* Pods-App.Demo.Techmaster.debug.xcconfig */;
			buildSettings = {
				ASSETCATALOG_COMPILER_APPICON_NAME = AppIcon;
				ASSETCATALOG_COMPILER_GLOBAL_ACCENT_COLOR_NAME = AccentColor;
				CODE_SIGN_STYLE = Automatic;
				CURRENT_PROJECT_VERSION = 1;
				DEVELOPMENT_TEAM = 57APVGWD23;
				GENERATE_INFOPLIST_FILE = YES;
				INFOPLIST_FILE = App.Demo.Techmaster/Info.plist;
				INFOPLIST_KEY_UIApplicationSupportsIndirectInputEvents = YES;
				INFOPLIST_KEY_UILaunchStoryboardName = LaunchScreen;
				INFOPLIST_KEY_UIMainStoryboardFile = Main;
				INFOPLIST_KEY_UISupportedInterfaceOrientations_iPad = "UIInterfaceOrientationPortrait UIInterfaceOrientationPortraitUpsideDown UIInterfaceOrientationLandscapeLeft UIInterfaceOrientationLandscapeRight";
				INFOPLIST_KEY_UISupportedInterfaceOrientations_iPhone = "UIInterfaceOrientationPortrait UIInterfaceOrientationLandscapeLeft UIInterfaceOrientationLandscapeRight";
				IPHONEOS_DEPLOYMENT_TARGET = 14.0;
				LD_RUNPATH_SEARCH_PATHS = (
					"$(inherited)",
					"@executable_path/Frameworks",
				);
				MARKETING_VERSION = 1.0;
				PRODUCT_BUNDLE_IDENTIFIER = "App-Demo.App-Demo-Techmaster";
				PRODUCT_NAME = "$(TARGET_NAME)";
				SWIFT_EMIT_LOC_STRINGS = YES;
				SWIFT_VERSION = 5.0;
				TARGETED_DEVICE_FAMILY = "1,2";
			};
			name = Debug;
		};
		04F3E3A22A93CCFE003DC140 /* Release */ = {
			isa = XCBuildConfiguration;
			baseConfigurationReference = 7C15C1806ED8FAEC1C7D2044 /* Pods-App.Demo.Techmaster.release.xcconfig */;
			buildSettings = {
				ASSETCATALOG_COMPILER_APPICON_NAME = AppIcon;
				ASSETCATALOG_COMPILER_GLOBAL_ACCENT_COLOR_NAME = AccentColor;
				CODE_SIGN_STYLE = Automatic;
				CURRENT_PROJECT_VERSION = 1;
				DEVELOPMENT_TEAM = 57APVGWD23;
				GENERATE_INFOPLIST_FILE = YES;
				INFOPLIST_FILE = App.Demo.Techmaster/Info.plist;
				INFOPLIST_KEY_UIApplicationSupportsIndirectInputEvents = YES;
				INFOPLIST_KEY_UILaunchStoryboardName = LaunchScreen;
				INFOPLIST_KEY_UIMainStoryboardFile = Main;
				INFOPLIST_KEY_UISupportedInterfaceOrientations_iPad = "UIInterfaceOrientationPortrait UIInterfaceOrientationPortraitUpsideDown UIInterfaceOrientationLandscapeLeft UIInterfaceOrientationLandscapeRight";
				INFOPLIST_KEY_UISupportedInterfaceOrientations_iPhone = "UIInterfaceOrientationPortrait UIInterfaceOrientationLandscapeLeft UIInterfaceOrientationLandscapeRight";
				IPHONEOS_DEPLOYMENT_TARGET = 14.0;
				LD_RUNPATH_SEARCH_PATHS = (
					"$(inherited)",
					"@executable_path/Frameworks",
				);
				MARKETING_VERSION = 1.0;
				PRODUCT_BUNDLE_IDENTIFIER = "App-Demo.App-Demo-Techmaster";
				PRODUCT_NAME = "$(TARGET_NAME)";
				SWIFT_EMIT_LOC_STRINGS = YES;
				SWIFT_VERSION = 5.0;
				TARGETED_DEVICE_FAMILY = "1,2";
			};
			name = Release;
		};
/* End XCBuildConfiguration section */

/* Begin XCConfigurationList section */
		04F3E3872A93CCFD003DC140 /* Build configuration list for PBXProject "App.Demo.Techmaster" */ = {
			isa = XCConfigurationList;
			buildConfigurations = (
				04F3E39E2A93CCFE003DC140 /* Debug */,
				04F3E39F2A93CCFE003DC140 /* Release */,
			);
			defaultConfigurationIsVisible = 0;
			defaultConfigurationName = Release;
		};
		04F3E3A02A93CCFE003DC140 /* Build configuration list for PBXNativeTarget "App.Demo.Techmaster" */ = {
			isa = XCConfigurationList;
			buildConfigurations = (
				04F3E3A12A93CCFE003DC140 /* Debug */,
				04F3E3A22A93CCFE003DC140 /* Release */,
			);
			defaultConfigurationIsVisible = 0;
			defaultConfigurationName = Release;
		};
/* End XCConfigurationList section */
	};
	rootObject = 04F3E3842A93CCFD003DC140 /* Project object */;
}
